// !$*UTF8*$!
{
	archiveVersion = 1;
	classes = {
	};
	objectVersion = 46;
	objects = {

/* Begin PBXBuildFile section */
		4D136A0516242CD900D84E85 /* ShelfView.m in Sources */ = {isa = PBXBuildFile; fileRef = 4D136A0416242CD900D84E85 /* ShelfView.m */; };
		4D136A4C1626DE1D00D84E85 /* CoverFlowLayout.m in Sources */ = {isa = PBXBuildFile; fileRef = 4D136A4B1626DE1D00D84E85 /* CoverFlowLayout.m */; };
		4D3C7338161D9BB600C71391 /* UIKit.framework in Frameworks */ = {isa = PBXBuildFile; fileRef = 4D3C7337161D9BB600C71391 /* UIKit.framework */; };
		4D3C733A161D9BB600C71391 /* Foundation.framework in Frameworks */ = {isa = PBXBuildFile; fileRef = 4D3C7339161D9BB600C71391 /* Foundation.framework */; };
		4D3C733C161D9BB600C71391 /* CoreGraphics.framework in Frameworks */ = {isa = PBXBuildFile; fileRef = 4D3C733B161D9BB600C71391 /* CoreGraphics.framework */; };
		4D3C7342161D9BB600C71391 /* InfoPlist.strings in Resources */ = {isa = PBXBuildFile; fileRef = 4D3C7340161D9BB600C71391 /* InfoPlist.strings */; };
		4D3C7344161D9BB600C71391 /* main.m in Sources */ = {isa = PBXBuildFile; fileRef = 4D3C7343161D9BB600C71391 /* main.m */; };
		4D3C7348161D9BB600C71391 /* AppDelegate.m in Sources */ = {isa = PBXBuildFile; fileRef = 4D3C7347161D9BB600C71391 /* AppDelegate.m */; };
		4D3C734A161D9BB600C71391 /* Default.png in Resources */ = {isa = PBXBuildFile; fileRef = 4D3C7349161D9BB600C71391 /* Default.png */; };
		4D3C734C161D9BB600C71391 /* Default@2x.png in Resources */ = {isa = PBXBuildFile; fileRef = 4D3C734B161D9BB600C71391 /* Default@2x.png */; };
		4D3C734E161D9BB600C71391 /* Default-568h@2x.png in Resources */ = {isa = PBXBuildFile; fileRef = 4D3C734D161D9BB600C71391 /* Default-568h@2x.png */; };
		4D3C7351161D9BB600C71391 /* MainStoryboard_iPhone.storyboard in Resources */ = {isa = PBXBuildFile; fileRef = 4D3C734F161D9BB600C71391 /* MainStoryboard_iPhone.storyboard */; };
		4D3C7354161D9BB600C71391 /* MainStoryboard_iPad.storyboard in Resources */ = {isa = PBXBuildFile; fileRef = 4D3C7352161D9BB600C71391 /* MainStoryboard_iPad.storyboard */; };
		4D3C7357161D9BB600C71391 /* ViewController.m in Sources */ = {isa = PBXBuildFile; fileRef = 4D3C7356161D9BB600C71391 /* ViewController.m */; };
		4D3C7361161D9DB500C71391 /* Cell.m in Sources */ = {isa = PBXBuildFile; fileRef = 4D3C7360161D9DB500C71391 /* Cell.m */; };
		4D3C7365161D9F2600C71391 /* GridLayout.m in Sources */ = {isa = PBXBuildFile; fileRef = 4D3C7364161D9F2600C71391 /* GridLayout.m */; };
		4D3C7420161DA87400C71391 /* Whitney Young.png in Resources */ = {isa = PBXBuildFile; fileRef = 4D3C73E2161DA87400C71391 /* Whitney Young.png */; };
		4D3C7421161DA87400C71391 /* Jay Thrash.png in Resources */ = {isa = PBXBuildFile; fileRef = 4D3C73E3161DA87400C71391 /* Jay Thrash.png */; };
		4D3C7422161DA87400C71391 /* Walter Tyree.png in Resources */ = {isa = PBXBuildFile; fileRef = 4D3C73E4161DA87400C71391 /* Walter Tyree.png */; };
		4D3C7423161DA87400C71391 /* Mattt Thompson.png in Resources */ = {isa = PBXBuildFile; fileRef = 4D3C73E5161DA87400C71391 /* Mattt Thompson.png */; };
		4D3C7424161DA87400C71391 /* Elizabeth Taylor.png in Resources */ = {isa = PBXBuildFile; fileRef = 4D3C73E6161DA87400C71391 /* Elizabeth Taylor.png */; };
		4D3C7425161DA87400C71391 /* David Smith.png in Resources */ = {isa = PBXBuildFile; fileRef = 4D3C73E7161DA87400C71391 /* David Smith.png */; };
		4D3C7426161DA87400C71391 /* Josh Smith.png in Resources */ = {isa = PBXBuildFile; fileRef = 4D3C73E8161DA87400C71391 /* Josh Smith.png */; };
		4D3C7427161DA87400C71391 /* Doug Sjoquist.png in Resources */ = {isa = PBXBuildFile; fileRef = 4D3C73E9161DA87400C71391 /* Doug Sjoquist.png */; };
		4D3C7428161DA87400C71391 /* Brent Simmons.png in Resources */ = {isa = PBXBuildFile; fileRef = 4D3C73EA161DA87400C71391 /* Brent Simmons.png */; };
		4D3C7429161DA87400C71391 /* Chad Sellers.png in Resources */ = {isa = PBXBuildFile; fileRef = 4D3C73EB161DA87400C71391 /* Chad Sellers.png */; };
		4D3C742A161DA87400C71391 /* Jonathan Saggau.png in Resources */ = {isa = PBXBuildFile; fileRef = 4D3C73EC161DA87400C71391 /* Jonathan Saggau.png */; };
		4D3C742B161DA87400C71391 /* Jared Richardson.png in Resources */ = {isa = PBXBuildFile; fileRef = 4D3C73ED161DA87400C71391 /* Jared Richardson.png */; };
		4D3C742C161DA87400C71391 /* Boisy Pitre.png in Resources */ = {isa = PBXBuildFile; fileRef = 4D3C73EE161DA87400C71391 /* Boisy Pitre.png */; };
		4D3C742D161DA87400C71391 /* Jonathan Penn.png in Resources */ = {isa = PBXBuildFile; fileRef = 4D3C73EF161DA87400C71391 /* Jonathan Penn.png */; };
		4D3C742E161DA87400C71391 /* Josh Nozzi.png in Resources */ = {isa = PBXBuildFile; fileRef = 4D3C73F0161DA87400C71391 /* Josh Nozzi.png */; };
		4D3C742F161DA87400C71391 /* Jaimee Newberry.png in Resources */ = {isa = PBXBuildFile; fileRef = 4D3C73F1161DA87400C71391 /* Jaimee Newberry.png */; };
		4D3C7430161DA87400C71391 /* Kevin Munc.png in Resources */ = {isa = PBXBuildFile; fileRef = 4D3C73F2161DA87400C71391 /* Kevin Munc.png */; };
		4D3C7431161DA87400C71391 /* Saul Mora.png in Resources */ = {isa = PBXBuildFile; fileRef = 4D3C73F3161DA87400C71391 /* Saul Mora.png */; };
		4D3C7432161DA87400C71391 /* Justin Miller.png in Resources */ = {isa = PBXBuildFile; fileRef = 4D3C73F4161DA87400C71391 /* Justin Miller.png */; };
		4D3C7433161DA87400C71391 /* Eric Meyer.png in Resources */ = {isa = PBXBuildFile; fileRef = 4D3C73F5161DA87400C71391 /* Eric Meyer.png */; };
		4D3C7434161DA87400C71391 /* Scott McAlister.png in Resources */ = {isa = PBXBuildFile; fileRef = 4D3C73F6161DA87400C71391 /* Scott McAlister.png */; };
		4D3C7435161DA87400C71391 /* Steve Madsen.png in Resources */ = {isa = PBXBuildFile; fileRef = 4D3C73F7161DA87400C71391 /* Steve Madsen.png */; };
		4D3C7436161DA87400C71391 /* Mac Liaw.png in Resources */ = {isa = PBXBuildFile; fileRef = 4D3C73F8161DA87400C71391 /* Mac Liaw.png */; };
		4D3C7437161DA87400C71391 /* Jonathan Lehr.png in Resources */ = {isa = PBXBuildFile; fileRef = 4D3C73F9161DA87400C71391 /* Jonathan Lehr.png */; };
		4D3C7438161DA87400C71391 /* Brad Larson.png in Resources */ = {isa = PBXBuildFile; fileRef = 4D3C73FA161DA87400C71391 /* Brad Larson.png */; };
		4D3C7439161DA87400C71391 /* Dave Koziol.png in Resources */ = {isa = PBXBuildFile; fileRef = 4D3C73FB161DA87400C71391 /* Dave Koziol.png */; };
		4D3C743A161DA87400C71391 /* Jeff Kelley.png in Resources */ = {isa = PBXBuildFile; fileRef = 4D3C73FC161DA87400C71391 /* Jeff Kelley.png */; };
		4D3C743B161DA87400C71391 /* Chris Judd.png in Resources */ = {isa = PBXBuildFile; fileRef = 4D3C73FD161DA87400C71391 /* Chris Judd.png */; };
		4D3C743C161DA87400C71391 /* Josh Johnson.png in Resources */ = {isa = PBXBuildFile; fileRef = 4D3C73FE161DA87400C71391 /* Josh Johnson.png */; };
		4D3C743D161DA87400C71391 /* Andria Jensen.png in Resources */ = {isa = PBXBuildFile; fileRef = 4D3C73FF161DA87400C71391 /* Andria Jensen.png */; };
		4D3C743E161DA87400C71391 /* Jason Hunter.png in Resources */ = {isa = PBXBuildFile; fileRef = 4D3C7400161DA87400C71391 /* Jason Hunter.png */; };
		4D3C743F161DA87400C71391 /* Pete Hodgson.png in Resources */ = {isa = PBXBuildFile; fileRef = 4D3C7401161DA87400C71391 /* Pete Hodgson.png */; };
		4D3C7440161DA87400C71391 /* Andy Hunt.png in Resources */ = {isa = PBXBuildFile; fileRef = 4D3C7402161DA87400C71391 /* Andy Hunt.png */; };
		4D3C7441161DA87400C71391 /* Geoff Goetz.png in Resources */ = {isa = PBXBuildFile; fileRef = 4D3C7403161DA87400C71391 /* Geoff Goetz.png */; };
		4D3C7442161DA87400C71391 /* Mark Gilicinski.png in Resources */ = {isa = PBXBuildFile; fileRef = 4D3C7404161DA87400C71391 /* Mark Gilicinski.png */; };
		4D3C7443161DA87400C71391 /* Jason Felice.png in Resources */ = {isa = PBXBuildFile; fileRef = 4D3C7405161DA87400C71391 /* Jason Felice.png */; };
		4D3C7444161DA87400C71391 /* Nathan Eror.png in Resources */ = {isa = PBXBuildFile; fileRef = 4D3C7406161DA87400C71391 /* Nathan Eror.png */; };
		4D3C7445161DA87400C71391 /* Bill Dudney.png in Resources */ = {isa = PBXBuildFile; fileRef = 4D3C7407161DA87400C71391 /* Bill Dudney.png */; };
		4D3C7446161DA87400C71391 /* Collin Donnell.png in Resources */ = {isa = PBXBuildFile; fileRef = 4D3C7408161DA87400C71391 /* Collin Donnell.png */; };
		4D3C7447161DA87400C71391 /* James Dempsey.png in Resources */ = {isa = PBXBuildFile; fileRef = 4D3C7409161DA87400C71391 /* James Dempsey.png */; };
		4D3C7448161DA87400C71391 /* Mark Dalrymple.png in Resources */ = {isa = PBXBuildFile; fileRef = 4D3C740A161DA87400C71391 /* Mark Dalrymple.png */; };
		4D3C7449161DA87400C71391 /* Brian Coyner.png in Resources */ = {isa = PBXBuildFile; fileRef = 4D3C740B161DA87400C71391 /* Brian Coyner.png */; };
		4D3C744A161DA87400C71391 /* Jack Cox.png in Resources */ = {isa = PBXBuildFile; fileRef = 4D3C740C161DA87400C71391 /* Jack Cox.png */; };
		4D3C744B161DA87400C71391 /* Step Christopher.png in Resources */ = {isa = PBXBuildFile; fileRef = 4D3C740D161DA87400C71391 /* Step Christopher.png */; };
		4D3C744C161DA87400C71391 /* Craig Castelaz.png in Resources */ = {isa = PBXBuildFile; fileRef = 4D3C740E161DA87400C71391 /* Craig Castelaz.png */; };
		4D3C744D161DA87400C71391 /* Heath Borders.png in Resources */ = {isa = PBXBuildFile; fileRef = 4D3C740F161DA87400C71391 /* Heath Borders.png */; };
		4D3C744E161DA87400C71391 /* Jeff Biggus.png in Resources */ = {isa = PBXBuildFile; fileRef = 4D3C7410161DA87400C71391 /* Jeff Biggus.png */; };
		4D3C744F161DA87400C71391 /* Randy Beiter.png in Resources */ = {isa = PBXBuildFile; fileRef = 4D3C7411161DA87400C71391 /* Randy Beiter.png */; };
		4D3C7450161DA87400C71391 /* Ameir Al-Zoubi.png in Resources */ = {isa = PBXBuildFile; fileRef = 4D3C7412161DA87400C71391 /* Ameir Al-Zoubi.png */; };
		4D3C7451161DA87400C71391 /* Chris Adamson.png in Resources */ = {isa = PBXBuildFile; fileRef = 4D3C7413161DA87400C71391 /* Chris Adamson.png */; };
		4D3C7452161DA87400C71391 /* Josh Abernathy.png in Resources */ = {isa = PBXBuildFile; fileRef = 4D3C7414161DA87400C71391 /* Josh Abernathy.png */; };
		4D3C7453161DA87400C71391 /* Daniel Steinberg.png in Resources */ = {isa = PBXBuildFile; fileRef = 4D3C7415161DA87400C71391 /* Daniel Steinberg.png */; };
		4D3C7454161DA87400C71391 /* Ben Scheirman.png in Resources */ = {isa = PBXBuildFile; fileRef = 4D3C7416161DA87400C71391 /* Ben Scheirman.png */; };
		4D3C7455161DA87400C71391 /* Mark Pospesel.png in Resources */ = {isa = PBXBuildFile; fileRef = 4D3C7417161DA87400C71391 /* Mark Pospesel.png */; };
		4D3C7456161DA87400C71391 /* Daniel Pasco.png in Resources */ = {isa = PBXBuildFile; fileRef = 4D3C7418161DA87400C71391 /* Daniel Pasco.png */; };
		4D3C7457161DA87400C71391 /* Janine Ohmer.png in Resources */ = {isa = PBXBuildFile; fileRef = 4D3C7419161DA87400C71391 /* Janine Ohmer.png */; };
		4D3C7458161DA87400C71391 /* Rob Napier.png in Resources */ = {isa = PBXBuildFile; fileRef = 4D3C741A161DA87400C71391 /* Rob Napier.png */; };
		4D3C7459161DA87400C71391 /* Aaron Hillegass.png in Resources */ = {isa = PBXBuildFile; fileRef = 4D3C741B161DA87400C71391 /* Aaron Hillegass.png */; };
		4D3C745A161DA87400C71391 /* Kevin Conner.png in Resources */ = {isa = PBXBuildFile; fileRef = 4D3C741C161DA87400C71391 /* Kevin Conner.png */; };
		4D3C745B161DA87400C71391 /* Tim Burks.png in Resources */ = {isa = PBXBuildFile; fileRef = 4D3C741D161DA87400C71391 /* Tim Burks.png */; };
		4D3C745C161DA87400C71391 /* Jonathan Blocksom.png in Resources */ = {isa = PBXBuildFile; fileRef = 4D3C741E161DA87400C71391 /* Jonathan Blocksom.png */; };
		4D3C745D161DA87400C71391 /* Mike Ash.png in Resources */ = {isa = PBXBuildFile; fileRef = 4D3C741F161DA87400C71391 /* Mike Ash.png */; };
		4DFAC5D11622628900E9BFD7 /* LineLayout.m in Sources */ = {isa = PBXBuildFile; fileRef = 4DFAC5D01622628900E9BFD7 /* LineLayout.m */; };
		4DFAC5D4162263E500E9BFD7 /* QuartzCore.framework in Frameworks */ = {isa = PBXBuildFile; fileRef = 4DFAC5D3162263E500E9BFD7 /* QuartzCore.framework */; };
		4DFAC5DA1622D6D400E9BFD7 /* Conference.m in Sources */ = {isa = PBXBuildFile; fileRef = 4DFAC5D91622D6D400E9BFD7 /* Conference.m */; };
		4DFAC5DE1622DA4300E9BFD7 /* NSDate+Helpers.m in Sources */ = {isa = PBXBuildFile; fileRef = 4DFAC5DD1622DA4300E9BFD7 /* NSDate+Helpers.m */; };
		4DFAC5E11622E19C00E9BFD7 /* CocoaConf.m in Sources */ = {isa = PBXBuildFile; fileRef = 4DFAC5E01622E19C00E9BFD7 /* CocoaConf.m */; };
		4DFAC5E31622F69D00E9BFD7 /* Ken Auer.png in Resources */ = {isa = PBXBuildFile; fileRef = 4DFAC5E21622F69D00E9BFD7 /* Ken Auer.png */; };
		4DFAC5E6162304F500E9BFD7 /* ConferenceHeader.m in Sources */ = {isa = PBXBuildFile; fileRef = 4DFAC5E5162304F500E9BFD7 /* ConferenceHeader.m */; };
		4DFAC5F1162311B700E9BFD7 /* Apple-Wood.png in Resources */ = {isa = PBXBuildFile; fileRef = 4DFAC5ED162311B700E9BFD7 /* Apple-Wood.png */; };
		4DFAC5F2162311B700E9BFD7 /* Apple-Wood@2x.png in Resources */ = {isa = PBXBuildFile; fileRef = 4DFAC5EE162311B700E9BFD7 /* Apple-Wood@2x.png */; };
		4DFAC5F3162311B700E9BFD7 /* Wood-Planks.png in Resources */ = {isa = PBXBuildFile; fileRef = 4DFAC5EF162311B700E9BFD7 /* Wood-Planks.png */; };
		4DFAC5F4162311B700E9BFD7 /* Wood-Planks@2x.png in Resources */ = {isa = PBXBuildFile; fileRef = 4DFAC5F0162311B700E9BFD7 /* Wood-Planks@2x.png */; };
		4DFAC5F71623141600E9BFD7 /* Aged-Paper.png in Resources */ = {isa = PBXBuildFile; fileRef = 4DFAC5F51623141600E9BFD7 /* Aged-Paper.png */; };
		4DFAC5F81623141600E9BFD7 /* Aged-Paper@2x.png in Resources */ = {isa = PBXBuildFile; fileRef = 4DFAC5F61623141600E9BFD7 /* Aged-Paper@2x.png */; };
/* End PBXBuildFile section */

/* Begin PBXFileReference section */
		4D136A0316242CD800D84E85 /* ShelfView.h */ = {isa = PBXFileReference; fileEncoding = 4; lastKnownFileType = sourcecode.c.h; path = ShelfView.h; sourceTree = "<group>"; };
		4D136A0416242CD900D84E85 /* ShelfView.m */ = {isa = PBXFileReference; fileEncoding = 4; lastKnownFileType = sourcecode.c.objc; path = ShelfView.m; sourceTree = "<group>"; };
		4D136A4A1626DE1D00D84E85 /* CoverFlowLayout.h */ = {isa = PBXFileReference; fileEncoding = 4; lastKnownFileType = sourcecode.c.h; path = CoverFlowLayout.h; sourceTree = "<group>"; };
		4D136A4B1626DE1D00D84E85 /* CoverFlowLayout.m */ = {isa = PBXFileReference; fileEncoding = 4; lastKnownFileType = sourcecode.c.objc; path = CoverFlowLayout.m; sourceTree = "<group>"; };
		4D3C7333161D9BB600C71391 /* IntroducingCollectionViews.app */ = {isa = PBXFileReference; explicitFileType = wrapper.application; includeInIndex = 0; path = IntroducingCollectionViews.app; sourceTree = BUILT_PRODUCTS_DIR; };
		4D3C7337161D9BB600C71391 /* UIKit.framework */ = {isa = PBXFileReference; lastKnownFileType = wrapper.framework; name = UIKit.framework; path = System/Library/Frameworks/UIKit.framework; sourceTree = SDKROOT; };
		4D3C7339161D9BB600C71391 /* Foundation.framework */ = {isa = PBXFileReference; lastKnownFileType = wrapper.framework; name = Foundation.framework; path = System/Library/Frameworks/Foundation.framework; sourceTree = SDKROOT; };
		4D3C733B161D9BB600C71391 /* CoreGraphics.framework */ = {isa = PBXFileReference; lastKnownFileType = wrapper.framework; name = CoreGraphics.framework; path = System/Library/Frameworks/CoreGraphics.framework; sourceTree = SDKROOT; };
		4D3C733F161D9BB600C71391 /* IntroducingCollectionViews-Info.plist */ = {isa = PBXFileReference; lastKnownFileType = text.plist.xml; path = "IntroducingCollectionViews-Info.plist"; sourceTree = "<group>"; };
		4D3C7341161D9BB600C71391 /* en */ = {isa = PBXFileReference; lastKnownFileType = text.plist.strings; name = en; path = en.lproj/InfoPlist.strings; sourceTree = "<group>"; };
		4D3C7343161D9BB600C71391 /* main.m */ = {isa = PBXFileReference; lastKnownFileType = sourcecode.c.objc; path = main.m; sourceTree = "<group>"; };
		4D3C7345161D9BB600C71391 /* IntroducingCollectionViews-Prefix.pch */ = {isa = PBXFileReference; lastKnownFileType = sourcecode.c.h; path = "IntroducingCollectionViews-Prefix.pch"; sourceTree = "<group>"; };
		4D3C7346161D9BB600C71391 /* AppDelegate.h */ = {isa = PBXFileReference; lastKnownFileType = sourcecode.c.h; path = AppDelegate.h; sourceTree = "<group>"; };
		4D3C7347161D9BB600C71391 /* AppDelegate.m */ = {isa = PBXFileReference; lastKnownFileType = sourcecode.c.objc; path = AppDelegate.m; sourceTree = "<group>"; };
		4D3C7349161D9BB600C71391 /* Default.png */ = {isa = PBXFileReference; lastKnownFileType = image.png; path = Default.png; sourceTree = "<group>"; };
		4D3C734B161D9BB600C71391 /* Default@2x.png */ = {isa = PBXFileReference; lastKnownFileType = image.png; path = "Default@2x.png"; sourceTree = "<group>"; };
		4D3C734D161D9BB600C71391 /* Default-568h@2x.png */ = {isa = PBXFileReference; lastKnownFileType = image.png; path = "Default-568h@2x.png"; sourceTree = "<group>"; };
		4D3C7350161D9BB600C71391 /* en */ = {isa = PBXFileReference; lastKnownFileType = file.storyboard; name = en; path = en.lproj/MainStoryboard_iPhone.storyboard; sourceTree = "<group>"; };
		4D3C7353161D9BB600C71391 /* en */ = {isa = PBXFileReference; lastKnownFileType = file.storyboard; name = en; path = en.lproj/MainStoryboard_iPad.storyboard; sourceTree = "<group>"; };
		4D3C7355161D9BB600C71391 /* ViewController.h */ = {isa = PBXFileReference; lastKnownFileType = sourcecode.c.h; path = ViewController.h; sourceTree = "<group>"; };
		4D3C7356161D9BB600C71391 /* ViewController.m */ = {isa = PBXFileReference; lastKnownFileType = sourcecode.c.objc; path = ViewController.m; sourceTree = "<group>"; };
		4D3C735F161D9DB500C71391 /* Cell.h */ = {isa = PBXFileReference; fileEncoding = 4; lastKnownFileType = sourcecode.c.h; path = Cell.h; sourceTree = "<group>"; };
		4D3C7360161D9DB500C71391 /* Cell.m */ = {isa = PBXFileReference; fileEncoding = 4; lastKnownFileType = sourcecode.c.objc; path = Cell.m; sourceTree = "<group>"; };
		4D3C7363161D9F2600C71391 /* GridLayout.h */ = {isa = PBXFileReference; fileEncoding = 4; lastKnownFileType = sourcecode.c.h; path = GridLayout.h; sourceTree = "<group>"; };
		4D3C7364161D9F2600C71391 /* GridLayout.m */ = {isa = PBXFileReference; fileEncoding = 4; lastKnownFileType = sourcecode.c.objc; path = GridLayout.m; sourceTree = "<group>"; };
		4D3C73E2161DA87400C71391 /* Whitney Young.png */ = {isa = PBXFileReference; lastKnownFileType = image.png; path = "Whitney Young.png"; sourceTree = "<group>"; };
		4D3C73E3161DA87400C71391 /* Jay Thrash.png */ = {isa = PBXFileReference; lastKnownFileType = image.png; path = "Jay Thrash.png"; sourceTree = "<group>"; };
		4D3C73E4161DA87400C71391 /* Walter Tyree.png */ = {isa = PBXFileReference; lastKnownFileType = image.png; path = "Walter Tyree.png"; sourceTree = "<group>"; };
		4D3C73E5161DA87400C71391 /* Mattt Thompson.png */ = {isa = PBXFileReference; lastKnownFileType = image.png; path = "Mattt Thompson.png"; sourceTree = "<group>"; };
		4D3C73E6161DA87400C71391 /* Elizabeth Taylor.png */ = {isa = PBXFileReference; lastKnownFileType = image.png; path = "Elizabeth Taylor.png"; sourceTree = "<group>"; };
		4D3C73E7161DA87400C71391 /* David Smith.png */ = {isa = PBXFileReference; lastKnownFileType = image.png; path = "David Smith.png"; sourceTree = "<group>"; };
		4D3C73E8161DA87400C71391 /* Josh Smith.png */ = {isa = PBXFileReference; lastKnownFileType = image.png; path = "Josh Smith.png"; sourceTree = "<group>"; };
		4D3C73E9161DA87400C71391 /* Doug Sjoquist.png */ = {isa = PBXFileReference; lastKnownFileType = image.png; path = "Doug Sjoquist.png"; sourceTree = "<group>"; };
		4D3C73EA161DA87400C71391 /* Brent Simmons.png */ = {isa = PBXFileReference; lastKnownFileType = image.png; path = "Brent Simmons.png"; sourceTree = "<group>"; };
		4D3C73EB161DA87400C71391 /* Chad Sellers.png */ = {isa = PBXFileReference; lastKnownFileType = image.png; path = "Chad Sellers.png"; sourceTree = "<group>"; };
		4D3C73EC161DA87400C71391 /* Jonathan Saggau.png */ = {isa = PBXFileReference; lastKnownFileType = image.png; path = "Jonathan Saggau.png"; sourceTree = "<group>"; };
		4D3C73ED161DA87400C71391 /* Jared Richardson.png */ = {isa = PBXFileReference; lastKnownFileType = image.png; path = "Jared Richardson.png"; sourceTree = "<group>"; };
		4D3C73EE161DA87400C71391 /* Boisy Pitre.png */ = {isa = PBXFileReference; lastKnownFileType = image.png; path = "Boisy Pitre.png"; sourceTree = "<group>"; };
		4D3C73EF161DA87400C71391 /* Jonathan Penn.png */ = {isa = PBXFileReference; lastKnownFileType = image.png; path = "Jonathan Penn.png"; sourceTree = "<group>"; };
		4D3C73F0161DA87400C71391 /* Josh Nozzi.png */ = {isa = PBXFileReference; lastKnownFileType = image.png; path = "Josh Nozzi.png"; sourceTree = "<group>"; };
		4D3C73F1161DA87400C71391 /* Jaimee Newberry.png */ = {isa = PBXFileReference; lastKnownFileType = image.png; path = "Jaimee Newberry.png"; sourceTree = "<group>"; };
		4D3C73F2161DA87400C71391 /* Kevin Munc.png */ = {isa = PBXFileReference; lastKnownFileType = image.png; path = "Kevin Munc.png"; sourceTree = "<group>"; };
		4D3C73F3161DA87400C71391 /* Saul Mora.png */ = {isa = PBXFileReference; lastKnownFileType = image.png; path = "Saul Mora.png"; sourceTree = "<group>"; };
		4D3C73F4161DA87400C71391 /* Justin Miller.png */ = {isa = PBXFileReference; lastKnownFileType = image.png; path = "Justin Miller.png"; sourceTree = "<group>"; };
		4D3C73F5161DA87400C71391 /* Eric Meyer.png */ = {isa = PBXFileReference; lastKnownFileType = image.png; path = "Eric Meyer.png"; sourceTree = "<group>"; };
		4D3C73F6161DA87400C71391 /* Scott McAlister.png */ = {isa = PBXFileReference; lastKnownFileType = image.png; path = "Scott McAlister.png"; sourceTree = "<group>"; };
		4D3C73F7161DA87400C71391 /* Steve Madsen.png */ = {isa = PBXFileReference; lastKnownFileType = image.png; path = "Steve Madsen.png"; sourceTree = "<group>"; };
		4D3C73F8161DA87400C71391 /* Mac Liaw.png */ = {isa = PBXFileReference; lastKnownFileType = image.png; path = "Mac Liaw.png"; sourceTree = "<group>"; };
		4D3C73F9161DA87400C71391 /* Jonathan Lehr.png */ = {isa = PBXFileReference; lastKnownFileType = image.png; path = "Jonathan Lehr.png"; sourceTree = "<group>"; };
		4D3C73FA161DA87400C71391 /* Brad Larson.png */ = {isa = PBXFileReference; lastKnownFileType = image.png; path = "Brad Larson.png"; sourceTree = "<group>"; };
		4D3C73FB161DA87400C71391 /* Dave Koziol.png */ = {isa = PBXFileReference; lastKnownFileType = image.png; path = "Dave Koziol.png"; sourceTree = "<group>"; };
		4D3C73FC161DA87400C71391 /* Jeff Kelley.png */ = {isa = PBXFileReference; lastKnownFileType = image.png; path = "Jeff Kelley.png"; sourceTree = "<group>"; };
		4D3C73FD161DA87400C71391 /* Chris Judd.png */ = {isa = PBXFileReference; lastKnownFileType = image.png; path = "Chris Judd.png"; sourceTree = "<group>"; };
		4D3C73FE161DA87400C71391 /* Josh Johnson.png */ = {isa = PBXFileReference; lastKnownFileType = image.png; path = "Josh Johnson.png"; sourceTree = "<group>"; };
		4D3C73FF161DA87400C71391 /* Andria Jensen.png */ = {isa = PBXFileReference; lastKnownFileType = image.png; path = "Andria Jensen.png"; sourceTree = "<group>"; };
		4D3C7400161DA87400C71391 /* Jason Hunter.png */ = {isa = PBXFileReference; lastKnownFileType = image.png; path = "Jason Hunter.png"; sourceTree = "<group>"; };
		4D3C7401161DA87400C71391 /* Pete Hodgson.png */ = {isa = PBXFileReference; lastKnownFileType = image.png; path = "Pete Hodgson.png"; sourceTree = "<group>"; };
		4D3C7402161DA87400C71391 /* Andy Hunt.png */ = {isa = PBXFileReference; lastKnownFileType = image.png; path = "Andy Hunt.png"; sourceTree = "<group>"; };
		4D3C7403161DA87400C71391 /* Geoff Goetz.png */ = {isa = PBXFileReference; lastKnownFileType = image.png; path = "Geoff Goetz.png"; sourceTree = "<group>"; };
		4D3C7404161DA87400C71391 /* Mark Gilicinski.png */ = {isa = PBXFileReference; lastKnownFileType = image.png; path = "Mark Gilicinski.png"; sourceTree = "<group>"; };
		4D3C7405161DA87400C71391 /* Jason Felice.png */ = {isa = PBXFileReference; lastKnownFileType = image.png; path = "Jason Felice.png"; sourceTree = "<group>"; };
		4D3C7406161DA87400C71391 /* Nathan Eror.png */ = {isa = PBXFileReference; lastKnownFileType = image.png; path = "Nathan Eror.png"; sourceTree = "<group>"; };
		4D3C7407161DA87400C71391 /* Bill Dudney.png */ = {isa = PBXFileReference; lastKnownFileType = image.png; path = "Bill Dudney.png"; sourceTree = "<group>"; };
		4D3C7408161DA87400C71391 /* Collin Donnell.png */ = {isa = PBXFileReference; lastKnownFileType = image.png; path = "Collin Donnell.png"; sourceTree = "<group>"; };
		4D3C7409161DA87400C71391 /* James Dempsey.png */ = {isa = PBXFileReference; lastKnownFileType = image.png; path = "James Dempsey.png"; sourceTree = "<group>"; };
		4D3C740A161DA87400C71391 /* Mark Dalrymple.png */ = {isa = PBXFileReference; lastKnownFileType = image.png; path = "Mark Dalrymple.png"; sourceTree = "<group>"; };
		4D3C740B161DA87400C71391 /* Brian Coyner.png */ = {isa = PBXFileReference; lastKnownFileType = image.png; path = "Brian Coyner.png"; sourceTree = "<group>"; };
		4D3C740C161DA87400C71391 /* Jack Cox.png */ = {isa = PBXFileReference; lastKnownFileType = image.png; path = "Jack Cox.png"; sourceTree = "<group>"; };
		4D3C740D161DA87400C71391 /* Step Christopher.png */ = {isa = PBXFileReference; lastKnownFileType = image.png; path = "Step Christopher.png"; sourceTree = "<group>"; };
		4D3C740E161DA87400C71391 /* Craig Castelaz.png */ = {isa = PBXFileReference; lastKnownFileType = image.png; path = "Craig Castelaz.png"; sourceTree = "<group>"; };
		4D3C740F161DA87400C71391 /* Heath Borders.png */ = {isa = PBXFileReference; lastKnownFileType = image.png; path = "Heath Borders.png"; sourceTree = "<group>"; };
		4D3C7410161DA87400C71391 /* Jeff Biggus.png */ = {isa = PBXFileReference; lastKnownFileType = image.png; path = "Jeff Biggus.png"; sourceTree = "<group>"; };
		4D3C7411161DA87400C71391 /* Randy Beiter.png */ = {isa = PBXFileReference; lastKnownFileType = image.png; path = "Randy Beiter.png"; sourceTree = "<group>"; };
		4D3C7412161DA87400C71391 /* Ameir Al-Zoubi.png */ = {isa = PBXFileReference; lastKnownFileType = image.png; path = "Ameir Al-Zoubi.png"; sourceTree = "<group>"; };
		4D3C7413161DA87400C71391 /* Chris Adamson.png */ = {isa = PBXFileReference; lastKnownFileType = image.png; path = "Chris Adamson.png"; sourceTree = "<group>"; };
		4D3C7414161DA87400C71391 /* Josh Abernathy.png */ = {isa = PBXFileReference; lastKnownFileType = image.png; path = "Josh Abernathy.png"; sourceTree = "<group>"; };
		4D3C7415161DA87400C71391 /* Daniel Steinberg.png */ = {isa = PBXFileReference; lastKnownFileType = image.png; path = "Daniel Steinberg.png"; sourceTree = "<group>"; };
		4D3C7416161DA87400C71391 /* Ben Scheirman.png */ = {isa = PBXFileReference; lastKnownFileType = image.png; path = "Ben Scheirman.png"; sourceTree = "<group>"; };
		4D3C7417161DA87400C71391 /* Mark Pospesel.png */ = {isa = PBXFileReference; lastKnownFileType = image.png; path = "Mark Pospesel.png"; sourceTree = "<group>"; };
		4D3C7418161DA87400C71391 /* Daniel Pasco.png */ = {isa = PBXFileReference; lastKnownFileType = image.png; path = "Daniel Pasco.png"; sourceTree = "<group>"; };
		4D3C7419161DA87400C71391 /* Janine Ohmer.png */ = {isa = PBXFileReference; lastKnownFileType = image.png; path = "Janine Ohmer.png"; sourceTree = "<group>"; };
		4D3C741A161DA87400C71391 /* Rob Napier.png */ = {isa = PBXFileReference; lastKnownFileType = image.png; path = "Rob Napier.png"; sourceTree = "<group>"; };
		4D3C741B161DA87400C71391 /* Aaron Hillegass.png */ = {isa = PBXFileReference; lastKnownFileType = image.png; path = "Aaron Hillegass.png"; sourceTree = "<group>"; };
		4D3C741C161DA87400C71391 /* Kevin Conner.png */ = {isa = PBXFileReference; lastKnownFileType = image.png; path = "Kevin Conner.png"; sourceTree = "<group>"; };
		4D3C741D161DA87400C71391 /* Tim Burks.png */ = {isa = PBXFileReference; lastKnownFileType = image.png; path = "Tim Burks.png"; sourceTree = "<group>"; };
		4D3C741E161DA87400C71391 /* Jonathan Blocksom.png */ = {isa = PBXFileReference; lastKnownFileType = image.png; path = "Jonathan Blocksom.png"; sourceTree = "<group>"; };
		4D3C741F161DA87400C71391 /* Mike Ash.png */ = {isa = PBXFileReference; lastKnownFileType = image.png; path = "Mike Ash.png"; sourceTree = "<group>"; };
		4DFAC5CF1622628900E9BFD7 /* LineLayout.h */ = {isa = PBXFileReference; fileEncoding = 4; lastKnownFileType = sourcecode.c.h; path = LineLayout.h; sourceTree = "<group>"; };
		4DFAC5D01622628900E9BFD7 /* LineLayout.m */ = {isa = PBXFileReference; fileEncoding = 4; lastKnownFileType = sourcecode.c.objc; path = LineLayout.m; sourceTree = "<group>"; };
		4DFAC5D3162263E500E9BFD7 /* QuartzCore.framework */ = {isa = PBXFileReference; lastKnownFileType = wrapper.framework; name = QuartzCore.framework; path = System/Library/Frameworks/QuartzCore.framework; sourceTree = SDKROOT; };
		4DFAC5D81622D6D400E9BFD7 /* Conference.h */ = {isa = PBXFileReference; fileEncoding = 4; lastKnownFileType = sourcecode.c.h; path = Conference.h; sourceTree = "<group>"; };
		4DFAC5D91622D6D400E9BFD7 /* Conference.m */ = {isa = PBXFileReference; fileEncoding = 4; lastKnownFileType = sourcecode.c.objc; path = Conference.m; sourceTree = "<group>"; };
		4DFAC5DC1622DA4300E9BFD7 /* NSDate+Helpers.h */ = {isa = PBXFileReference; fileEncoding = 4; lastKnownFileType = sourcecode.c.h; path = "NSDate+Helpers.h"; sourceTree = "<group>"; };
		4DFAC5DD1622DA4300E9BFD7 /* NSDate+Helpers.m */ = {isa = PBXFileReference; fileEncoding = 4; lastKnownFileType = sourcecode.c.objc; path = "NSDate+Helpers.m"; sourceTree = "<group>"; };
		4DFAC5DF1622E19C00E9BFD7 /* CocoaConf.h */ = {isa = PBXFileReference; fileEncoding = 4; lastKnownFileType = sourcecode.c.h; path = CocoaConf.h; sourceTree = "<group>"; };
		4DFAC5E01622E19C00E9BFD7 /* CocoaConf.m */ = {isa = PBXFileReference; fileEncoding = 4; lastKnownFileType = sourcecode.c.objc; path = CocoaConf.m; sourceTree = "<group>"; };
		4DFAC5E21622F69D00E9BFD7 /* Ken Auer.png */ = {isa = PBXFileReference; lastKnownFileType = image.png; path = "Ken Auer.png"; sourceTree = "<group>"; };
		4DFAC5E4162304F500E9BFD7 /* ConferenceHeader.h */ = {isa = PBXFileReference; fileEncoding = 4; lastKnownFileType = sourcecode.c.h; path = ConferenceHeader.h; sourceTree = "<group>"; };
		4DFAC5E5162304F500E9BFD7 /* ConferenceHeader.m */ = {isa = PBXFileReference; fileEncoding = 4; lastKnownFileType = sourcecode.c.objc; path = ConferenceHeader.m; sourceTree = "<group>"; };
		4DFAC5ED162311B700E9BFD7 /* Apple-Wood.png */ = {isa = PBXFileReference; lastKnownFileType = image.png; path = "Apple-Wood.png"; sourceTree = "<group>"; };
		4DFAC5EE162311B700E9BFD7 /* Apple-Wood@2x.png */ = {isa = PBXFileReference; lastKnownFileType = image.png; path = "Apple-Wood@2x.png"; sourceTree = "<group>"; };
		4DFAC5EF162311B700E9BFD7 /* Wood-Planks.png */ = {isa = PBXFileReference; lastKnownFileType = image.png; path = "Wood-Planks.png"; sourceTree = "<group>"; };
		4DFAC5F0162311B700E9BFD7 /* Wood-Planks@2x.png */ = {isa = PBXFileReference; lastKnownFileType = image.png; path = "Wood-Planks@2x.png"; sourceTree = "<group>"; };
		4DFAC5F51623141600E9BFD7 /* Aged-Paper.png */ = {isa = PBXFileReference; lastKnownFileType = image.png; path = "Aged-Paper.png"; sourceTree = "<group>"; };
		4DFAC5F61623141600E9BFD7 /* Aged-Paper@2x.png */ = {isa = PBXFileReference; lastKnownFileType = image.png; path = "Aged-Paper@2x.png"; sourceTree = "<group>"; };
/* End PBXFileReference section */

/* Begin PBXFrameworksBuildPhase section */
		4D3C7330161D9BB600C71391 /* Frameworks */ = {
			isa = PBXFrameworksBuildPhase;
			buildActionMask = 2147483647;
			files = (
				4DFAC5D4162263E500E9BFD7 /* QuartzCore.framework in Frameworks */,
				4D3C7338161D9BB600C71391 /* UIKit.framework in Frameworks */,
				4D3C733A161D9BB600C71391 /* Foundation.framework in Frameworks */,
				4D3C733C161D9BB600C71391 /* CoreGraphics.framework in Frameworks */,
			);
			runOnlyForDeploymentPostprocessing = 0;
		};
/* End PBXFrameworksBuildPhase section */

/* Begin PBXGroup section */
		4D3C7328161D9BB600C71391 = {
			isa = PBXGroup;
			children = (
				4D3C733D161D9BB600C71391 /* IntroducingCollectionViews */,
				4D3C7336161D9BB600C71391 /* Frameworks */,
				4D3C7334161D9BB600C71391 /* Products */,
			);
			sourceTree = "<group>";
		};
		4D3C7334161D9BB600C71391 /* Products */ = {
			isa = PBXGroup;
			children = (
				4D3C7333161D9BB600C71391 /* IntroducingCollectionViews.app */,
			);
			name = Products;
			sourceTree = "<group>";
		};
		4D3C7336161D9BB600C71391 /* Frameworks */ = {
			isa = PBXGroup;
			children = (
				4DFAC5D3162263E500E9BFD7 /* QuartzCore.framework */,
				4D3C7337161D9BB600C71391 /* UIKit.framework */,
				4D3C7339161D9BB600C71391 /* Foundation.framework */,
				4D3C733B161D9BB600C71391 /* CoreGraphics.framework */,
			);
			name = Frameworks;
			sourceTree = "<group>";
		};
		4D3C733D161D9BB600C71391 /* IntroducingCollectionViews */ = {
			isa = PBXGroup;
			children = (
				4D3C7362161D9F0600C71391 /* layouts */,
				4D3C735D161D9C0500C71391 /* images */,
				4D3C7346161D9BB600C71391 /* AppDelegate.h */,
				4D3C7347161D9BB600C71391 /* AppDelegate.m */,
				4D3C734F161D9BB600C71391 /* MainStoryboard_iPhone.storyboard */,
				4D3C7352161D9BB600C71391 /* MainStoryboard_iPad.storyboard */,
				4D3C7355161D9BB600C71391 /* ViewController.h */,
				4D3C7356161D9BB600C71391 /* ViewController.m */,
				4D3C735F161D9DB500C71391 /* Cell.h */,
				4D3C7360161D9DB500C71391 /* Cell.m */,
				4DFAC5E4162304F500E9BFD7 /* ConferenceHeader.h */,
				4DFAC5E5162304F500E9BFD7 /* ConferenceHeader.m */,
				4D3C733E161D9BB600C71391 /* Supporting Files */,
				4DFAC5D81622D6D400E9BFD7 /* Conference.h */,
				4DFAC5D91622D6D400E9BFD7 /* Conference.m */,
				4DFAC5DC1622DA4300E9BFD7 /* NSDate+Helpers.h */,
				4DFAC5DD1622DA4300E9BFD7 /* NSDate+Helpers.m */,
				4DFAC5DF1622E19C00E9BFD7 /* CocoaConf.h */,
				4DFAC5E01622E19C00E9BFD7 /* CocoaConf.m */,
				4D136A0316242CD800D84E85 /* ShelfView.h */,
				4D136A0416242CD900D84E85 /* ShelfView.m */,
			);
			path = IntroducingCollectionViews;
			sourceTree = "<group>";
		};
		4D3C733E161D9BB600C71391 /* Supporting Files */ = {
			isa = PBXGroup;
			children = (
				4D3C733F161D9BB600C71391 /* IntroducingCollectionViews-Info.plist */,
				4D3C7340161D9BB600C71391 /* InfoPlist.strings */,
				4D3C7343161D9BB600C71391 /* main.m */,
				4D3C7345161D9BB600C71391 /* IntroducingCollectionViews-Prefix.pch */,
				4D3C7349161D9BB600C71391 /* Default.png */,
				4D3C734B161D9BB600C71391 /* Default@2x.png */,
				4D3C734D161D9BB600C71391 /* Default-568h@2x.png */,
			);
			name = "Supporting Files";
			sourceTree = "<group>";
		};
		4D3C735D161D9C0500C71391 /* images */ = {
			isa = PBXGroup;
			children = (
				4D3C735E161D9C5200C71391 /* speakers */,
				4DFAC5EB1623114A00E9BFD7 /* backgrounds */,
			);
			name = images;
			sourceTree = "<group>";
		};
		4D3C735E161D9C5200C71391 /* speakers */ = {
			isa = PBXGroup;
			children = (
				4D3C7414161DA87400C71391 /* Josh Abernathy.png */,
				4D3C7413161DA87400C71391 /* Chris Adamson.png */,
				4D3C7412161DA87400C71391 /* Ameir Al-Zoubi.png */,
				4D3C741F161DA87400C71391 /* Mike Ash.png */,
				4DFAC5E21622F69D00E9BFD7 /* Ken Auer.png */,
				4D3C73E2161DA87400C71391 /* Whitney Young.png */,
				4D3C73E3161DA87400C71391 /* Jay Thrash.png */,
				4D3C73E4161DA87400C71391 /* Walter Tyree.png */,
				4D3C73E5161DA87400C71391 /* Mattt Thompson.png */,
				4D3C73E6161DA87400C71391 /* Elizabeth Taylor.png */,
				4D3C7415161DA87400C71391 /* Daniel Steinberg.png */,
				4D3C73E7161DA87400C71391 /* David Smith.png */,
				4D3C73E8161DA87400C71391 /* Josh Smith.png */,
				4D3C73E9161DA87400C71391 /* Doug Sjoquist.png */,
				4D3C73EA161DA87400C71391 /* Brent Simmons.png */,
				4D3C73EB161DA87400C71391 /* Chad Sellers.png */,
				4D3C7416161DA87400C71391 /* Ben Scheirman.png */,
				4D3C73EC161DA87400C71391 /* Jonathan Saggau.png */,
				4D3C73ED161DA87400C71391 /* Jared Richardson.png */,
				4D3C7417161DA87400C71391 /* Mark Pospesel.png */,
				4D3C73EE161DA87400C71391 /* Boisy Pitre.png */,
				4D3C73EF161DA87400C71391 /* Jonathan Penn.png */,
				4D3C7418161DA87400C71391 /* Daniel Pasco.png */,
				4D3C7419161DA87400C71391 /* Janine Ohmer.png */,
				4D3C73F0161DA87400C71391 /* Josh Nozzi.png */,
				4D3C73F1161DA87400C71391 /* Jaimee Newberry.png */,
				4D3C741A161DA87400C71391 /* Rob Napier.png */,
				4D3C73F2161DA87400C71391 /* Kevin Munc.png */,
				4D3C73F3161DA87400C71391 /* Saul Mora.png */,
				4D3C73F4161DA87400C71391 /* Justin Miller.png */,
				4D3C73F5161DA87400C71391 /* Eric Meyer.png */,
				4D3C73F6161DA87400C71391 /* Scott McAlister.png */,
				4D3C73F7161DA87400C71391 /* Steve Madsen.png */,
				4D3C73F8161DA87400C71391 /* Mac Liaw.png */,
				4D3C73F9161DA87400C71391 /* Jonathan Lehr.png */,
				4D3C73FA161DA87400C71391 /* Brad Larson.png */,
				4D3C73FB161DA87400C71391 /* Dave Koziol.png */,
				4D3C73FC161DA87400C71391 /* Jeff Kelley.png */,
				4D3C73FD161DA87400C71391 /* Chris Judd.png */,
				4D3C73FE161DA87400C71391 /* Josh Johnson.png */,
				4D3C73FF161DA87400C71391 /* Andria Jensen.png */,
				4D3C7400161DA87400C71391 /* Jason Hunter.png */,
				4D3C7402161DA87400C71391 /* Andy Hunt.png */,
				4D3C741B161DA87400C71391 /* Aaron Hillegass.png */,
				4D3C7403161DA87400C71391 /* Geoff Goetz.png */,
				4D3C7404161DA87400C71391 /* Mark Gilicinski.png */,
				4D3C7405161DA87400C71391 /* Jason Felice.png */,
				4D3C7406161DA87400C71391 /* Nathan Eror.png */,
				4D3C7407161DA87400C71391 /* Bill Dudney.png */,
				4D3C7408161DA87400C71391 /* Collin Donnell.png */,
				4D3C7409161DA87400C71391 /* James Dempsey.png */,
				4D3C740A161DA87400C71391 /* Mark Dalrymple.png */,
				4D3C740B161DA87400C71391 /* Brian Coyner.png */,
				4D3C740C161DA87400C71391 /* Jack Cox.png */,
				4D3C7401161DA87400C71391 /* Pete Hodgson.png */,
				4D3C741C161DA87400C71391 /* Kevin Conner.png */,
				4D3C740D161DA87400C71391 /* Step Christopher.png */,
				4D3C740E161DA87400C71391 /* Craig Castelaz.png */,
				4D3C741D161DA87400C71391 /* Tim Burks.png */,
				4D3C740F161DA87400C71391 /* Heath Borders.png */,
				4D3C741E161DA87400C71391 /* Jonathan Blocksom.png */,
				4D3C7410161DA87400C71391 /* Jeff Biggus.png */,
				4D3C7411161DA87400C71391 /* Randy Beiter.png */,
			);
			name = speakers;
			sourceTree = "<group>";
		};
		4D3C7362161D9F0600C71391 /* layouts */ = {
			isa = PBXGroup;
			children = (
				4D3C7363161D9F2600C71391 /* GridLayout.h */,
				4D3C7364161D9F2600C71391 /* GridLayout.m */,
				4DFAC5CF1622628900E9BFD7 /* LineLayout.h */,
				4DFAC5D01622628900E9BFD7 /* LineLayout.m */,
				4D136A4A1626DE1D00D84E85 /* CoverFlowLayout.h */,
				4D136A4B1626DE1D00D84E85 /* CoverFlowLayout.m */,
			);
			name = layouts;
			sourceTree = "<group>";
		};
		4DFAC5EB1623114A00E9BFD7 /* backgrounds */ = {
			isa = PBXGroup;
			children = (
				4DFAC5ED162311B700E9BFD7 /* Apple-Wood.png */,
				4DFAC5EE162311B700E9BFD7 /* Apple-Wood@2x.png */,
				4DFAC5EF162311B700E9BFD7 /* Wood-Planks.png */,
				4DFAC5F0162311B700E9BFD7 /* Wood-Planks@2x.png */,
				4DFAC5F51623141600E9BFD7 /* Aged-Paper.png */,
				4DFAC5F61623141600E9BFD7 /* Aged-Paper@2x.png */,
			);
			name = backgrounds;
			sourceTree = "<group>";
		};
/* End PBXGroup section */

/* Begin PBXNativeTarget section */
		4D3C7332161D9BB600C71391 /* IntroducingCollectionViews */ = {
			isa = PBXNativeTarget;
			buildConfigurationList = 4D3C735A161D9BB600C71391 /* Build configuration list for PBXNativeTarget "IntroducingCollectionViews" */;
			buildPhases = (
				4D3C732F161D9BB600C71391 /* Sources */,
				4D3C7330161D9BB600C71391 /* Frameworks */,
				4D3C7331161D9BB600C71391 /* Resources */,
			);
			buildRules = (
			);
			dependencies = (
			);
			name = IntroducingCollectionViews;
			productName = IntroducingCollectionViews;
			productReference = 4D3C7333161D9BB600C71391 /* IntroducingCollectionViews.app */;
			productType = "com.apple.product-type.application";
		};
/* End PBXNativeTarget section */

/* Begin PBXProject section */
		4D3C732A161D9BB600C71391 /* Project object */ = {
			isa = PBXProject;
			attributes = {
				LastUpgradeCheck = 0450;
				ORGANIZATIONNAME = "Mark Pospesel";
			};
			buildConfigurationList = 4D3C732D161D9BB600C71391 /* Build configuration list for PBXProject "IntroducingCollectionViews" */;
			compatibilityVersion = "Xcode 3.2";
			developmentRegion = English;
			hasScannedForEncodings = 0;
			knownRegions = (
				en,
			);
			mainGroup = 4D3C7328161D9BB600C71391;
			productRefGroup = 4D3C7334161D9BB600C71391 /* Products */;
			projectDirPath = "";
			projectRoot = "";
			targets = (
				4D3C7332161D9BB600C71391 /* IntroducingCollectionViews */,
			);
		};
/* End PBXProject section */

/* Begin PBXResourcesBuildPhase section */
		4D3C7331161D9BB600C71391 /* Resources */ = {
			isa = PBXResourcesBuildPhase;
			buildActionMask = 2147483647;
			files = (
				4D3C7342161D9BB600C71391 /* InfoPlist.strings in Resources */,
				4D3C734A161D9BB600C71391 /* Default.png in Resources */,
				4D3C734C161D9BB600C71391 /* Default@2x.png in Resources */,
				4D3C734E161D9BB600C71391 /* Default-568h@2x.png in Resources */,
				4D3C7351161D9BB600C71391 /* MainStoryboard_iPhone.storyboard in Resources */,
				4D3C7354161D9BB600C71391 /* MainStoryboard_iPad.storyboard in Resources */,
				4D3C7420161DA87400C71391 /* Whitney Young.png in Resources */,
				4D3C7421161DA87400C71391 /* Jay Thrash.png in Resources */,
				4D3C7422161DA87400C71391 /* Walter Tyree.png in Resources */,
				4D3C7423161DA87400C71391 /* Mattt Thompson.png in Resources */,
				4D3C7424161DA87400C71391 /* Elizabeth Taylor.png in Resources */,
				4D3C7425161DA87400C71391 /* David Smith.png in Resources */,
				4D3C7426161DA87400C71391 /* Josh Smith.png in Resources */,
				4D3C7427161DA87400C71391 /* Doug Sjoquist.png in Resources */,
				4D3C7428161DA87400C71391 /* Brent Simmons.png in Resources */,
				4D3C7429161DA87400C71391 /* Chad Sellers.png in Resources */,
				4D3C742A161DA87400C71391 /* Jonathan Saggau.png in Resources */,
				4D3C742B161DA87400C71391 /* Jared Richardson.png in Resources */,
				4D3C742C161DA87400C71391 /* Boisy Pitre.png in Resources */,
				4D3C742D161DA87400C71391 /* Jonathan Penn.png in Resources */,
				4D3C742E161DA87400C71391 /* Josh Nozzi.png in Resources */,
				4D3C742F161DA87400C71391 /* Jaimee Newberry.png in Resources */,
				4D3C7430161DA87400C71391 /* Kevin Munc.png in Resources */,
				4D3C7431161DA87400C71391 /* Saul Mora.png in Resources */,
				4D3C7432161DA87400C71391 /* Justin Miller.png in Resources */,
				4D3C7433161DA87400C71391 /* Eric Meyer.png in Resources */,
				4D3C7434161DA87400C71391 /* Scott McAlister.png in Resources */,
				4D3C7435161DA87400C71391 /* Steve Madsen.png in Resources */,
				4D3C7436161DA87400C71391 /* Mac Liaw.png in Resources */,
				4D3C7437161DA87400C71391 /* Jonathan Lehr.png in Resources */,
				4D3C7438161DA87400C71391 /* Brad Larson.png in Resources */,
				4D3C7439161DA87400C71391 /* Dave Koziol.png in Resources */,
				4D3C743A161DA87400C71391 /* Jeff Kelley.png in Resources */,
				4D3C743B161DA87400C71391 /* Chris Judd.png in Resources */,
				4D3C743C161DA87400C71391 /* Josh Johnson.png in Resources */,
				4D3C743D161DA87400C71391 /* Andria Jensen.png in Resources */,
				4D3C743E161DA87400C71391 /* Jason Hunter.png in Resources */,
				4D3C743F161DA87400C71391 /* Pete Hodgson.png in Resources */,
				4D3C7440161DA87400C71391 /* Andy Hunt.png in Resources */,
				4D3C7441161DA87400C71391 /* Geoff Goetz.png in Resources */,
				4D3C7442161DA87400C71391 /* Mark Gilicinski.png in Resources */,
				4D3C7443161DA87400C71391 /* Jason Felice.png in Resources */,
				4D3C7444161DA87400C71391 /* Nathan Eror.png in Resources */,
				4D3C7445161DA87400C71391 /* Bill Dudney.png in Resources */,
				4D3C7446161DA87400C71391 /* Collin Donnell.png in Resources */,
				4D3C7447161DA87400C71391 /* James Dempsey.png in Resources */,
				4D3C7448161DA87400C71391 /* Mark Dalrymple.png in Resources */,
				4D3C7449161DA87400C71391 /* Brian Coyner.png in Resources */,
				4D3C744A161DA87400C71391 /* Jack Cox.png in Resources */,
				4D3C744B161DA87400C71391 /* Step Christopher.png in Resources */,
				4D3C744C161DA87400C71391 /* Craig Castelaz.png in Resources */,
				4D3C744D161DA87400C71391 /* Heath Borders.png in Resources */,
				4D3C744E161DA87400C71391 /* Jeff Biggus.png in Resources */,
				4D3C744F161DA87400C71391 /* Randy Beiter.png in Resources */,
				4D3C7450161DA87400C71391 /* Ameir Al-Zoubi.png in Resources */,
				4D3C7451161DA87400C71391 /* Chris Adamson.png in Resources */,
				4D3C7452161DA87400C71391 /* Josh Abernathy.png in Resources */,
				4D3C7453161DA87400C71391 /* Daniel Steinberg.png in Resources */,
				4D3C7454161DA87400C71391 /* Ben Scheirman.png in Resources */,
				4D3C7455161DA87400C71391 /* Mark Pospesel.png in Resources */,
				4D3C7456161DA87400C71391 /* Daniel Pasco.png in Resources */,
				4D3C7457161DA87400C71391 /* Janine Ohmer.png in Resources */,
				4D3C7458161DA87400C71391 /* Rob Napier.png in Resources */,
				4D3C7459161DA87400C71391 /* Aaron Hillegass.png in Resources */,
				4D3C745A161DA87400C71391 /* Kevin Conner.png in Resources */,
				4D3C745B161DA87400C71391 /* Tim Burks.png in Resources */,
				4D3C745C161DA87400C71391 /* Jonathan Blocksom.png in Resources */,
				4D3C745D161DA87400C71391 /* Mike Ash.png in Resources */,
				4DFAC5E31622F69D00E9BFD7 /* Ken Auer.png in Resources */,
				4DFAC5F1162311B700E9BFD7 /* Apple-Wood.png in Resources */,
				4DFAC5F2162311B700E9BFD7 /* Apple-Wood@2x.png in Resources */,
				4DFAC5F3162311B700E9BFD7 /* Wood-Planks.png in Resources */,
				4DFAC5F4162311B700E9BFD7 /* Wood-Planks@2x.png in Resources */,
				4DFAC5F71623141600E9BFD7 /* Aged-Paper.png in Resources */,
				4DFAC5F81623141600E9BFD7 /* Aged-Paper@2x.png in Resources */,
			);
			runOnlyForDeploymentPostprocessing = 0;
		};
/* End PBXResourcesBuildPhase section */

/* Begin PBXSourcesBuildPhase section */
		4D3C732F161D9BB600C71391 /* Sources */ = {
			isa = PBXSourcesBuildPhase;
			buildActionMask = 2147483647;
			files = (
				4D3C7344161D9BB600C71391 /* main.m in Sources */,
				4D3C7348161D9BB600C71391 /* AppDelegate.m in Sources */,
				4D3C7357161D9BB600C71391 /* ViewController.m in Sources */,
				4D3C7361161D9DB500C71391 /* Cell.m in Sources */,
				4D3C7365161D9F2600C71391 /* GridLayout.m in Sources */,
				4DFAC5D11622628900E9BFD7 /* LineLayout.m in Sources */,
				4DFAC5DA1622D6D400E9BFD7 /* Conference.m in Sources */,
				4DFAC5DE1622DA4300E9BFD7 /* NSDate+Helpers.m in Sources */,
				4DFAC5E11622E19C00E9BFD7 /* CocoaConf.m in Sources */,
				4DFAC5E6162304F500E9BFD7 /* ConferenceHeader.m in Sources */,
				4D136A0516242CD900D84E85 /* ShelfView.m in Sources */,
				4D136A4C1626DE1D00D84E85 /* CoverFlowLayout.m in Sources */,
			);
			runOnlyForDeploymentPostprocessing = 0;
		};
/* End PBXSourcesBuildPhase section */

/* Begin PBXVariantGroup section */
		4D3C7340161D9BB600C71391 /* InfoPlist.strings */ = {
			isa = PBXVariantGroup;
			children = (
				4D3C7341161D9BB600C71391 /* en */,
			);
			name = InfoPlist.strings;
			sourceTree = "<group>";
		};
		4D3C734F161D9BB600C71391 /* MainStoryboard_iPhone.storyboard */ = {
			isa = PBXVariantGroup;
			children = (
				4D3C7350161D9BB600C71391 /* en */,
			);
			name = MainStoryboard_iPhone.storyboard;
			sourceTree = "<group>";
		};
		4D3C7352161D9BB600C71391 /* MainStoryboard_iPad.storyboard */ = {
			isa = PBXVariantGroup;
			children = (
				4D3C7353161D9BB600C71391 /* en */,
			);
			name = MainStoryboard_iPad.storyboard;
			sourceTree = "<group>";
		};
/* End PBXVariantGroup section */

/* Begin XCBuildConfiguration section */
		4D3C7358161D9BB600C71391 /* Debug */ = {
			isa = XCBuildConfiguration;
			buildSettings = {
				ALWAYS_SEARCH_USER_PATHS = NO;
				CLANG_CXX_LANGUAGE_STANDARD = "gnu++0x";
				CLANG_CXX_LIBRARY = "libc++";
				CLANG_ENABLE_OBJC_ARC = YES;
				CLANG_WARN_EMPTY_BODY = YES;
				CLANG_WARN__DUPLICATE_METHOD_MATCH = YES;
				"CODE_SIGN_IDENTITY[sdk=iphoneos*]" = "iPhone Developer";
				COPY_PHASE_STRIP = NO;
				GCC_C_LANGUAGE_STANDARD = gnu99;
				GCC_DYNAMIC_NO_PIC = NO;
				GCC_OPTIMIZATION_LEVEL = 0;
				GCC_PREPROCESSOR_DEFINITIONS = (
					"DEBUG=1",
					"$(inherited)",
				);
				GCC_SYMBOLS_PRIVATE_EXTERN = NO;
				GCC_WARN_ABOUT_RETURN_TYPE = YES;
				GCC_WARN_UNINITIALIZED_AUTOS = YES;
				GCC_WARN_UNUSED_VARIABLE = YES;
				IPHONEOS_DEPLOYMENT_TARGET = 6.0;
				ONLY_ACTIVE_ARCH = YES;
				SDKROOT = iphoneos;
				TARGETED_DEVICE_FAMILY = "1,2";
			};
			name = Debug;
		};
		4D3C7359161D9BB600C71391 /* Release */ = {
			isa = XCBuildConfiguration;
			buildSettings = {
				ALWAYS_SEARCH_USER_PATHS = NO;
				CLANG_CXX_LANGUAGE_STANDARD = "gnu++0x";
				CLANG_CXX_LIBRARY = "libc++";
				CLANG_ENABLE_OBJC_ARC = YES;
				CLANG_WARN_EMPTY_BODY = YES;
				CLANG_WARN__DUPLICATE_METHOD_MATCH = YES;
				"CODE_SIGN_IDENTITY[sdk=iphoneos*]" = "iPhone Developer";
				COPY_PHASE_STRIP = YES;
				GCC_C_LANGUAGE_STANDARD = gnu99;
				GCC_WARN_ABOUT_RETURN_TYPE = YES;
				GCC_WARN_UNINITIALIZED_AUTOS = YES;
				GCC_WARN_UNUSED_VARIABLE = YES;
				IPHONEOS_DEPLOYMENT_TARGET = 6.0;
				OTHER_CFLAGS = "-DNS_BLOCK_ASSERTIONS=1";
				SDKROOT = iphoneos;
				TARGETED_DEVICE_FAMILY = "1,2";
				VALIDATE_PRODUCT = YES;
			};
			name = Release;
		};
		4D3C735B161D9BB600C71391 /* Debug */ = {
			isa = XCBuildConfiguration;
			buildSettings = {
				GCC_PRECOMPILE_PREFIX_HEADER = YES;
				GCC_PREFIX_HEADER = "IntroducingCollectionViews/IntroducingCollectionViews-Prefix.pch";
				INFOPLIST_FILE = "IntroducingCollectionViews/IntroducingCollectionViews-Info.plist";
				IPHONEOS_DEPLOYMENT_TARGET = 6.0;
				PRODUCT_NAME = "$(TARGET_NAME)";
				WRAPPER_EXTENSION = app;
			};
			name = Debug;
		};
		4D3C735C161D9BB600C71391 /* Release */ = {
			isa = XCBuildConfiguration;
			buildSettings = {
				GCC_PRECOMPILE_PREFIX_HEADER = YES;
				GCC_PREFIX_HEADER = "IntroducingCollectionViews/IntroducingCollectionViews-Prefix.pch";
				INFOPLIST_FILE = "IntroducingCollectionViews/IntroducingCollectionViews-Info.plist";
				IPHONEOS_DEPLOYMENT_TARGET = 6.0;
				PRODUCT_NAME = "$(TARGET_NAME)";
				WRAPPER_EXTENSION = app;
			};
			name = Release;
		};
/* End XCBuildConfiguration section */

/* Begin XCConfigurationList section */
		4D3C732D161D9BB600C71391 /* Build configuration list for PBXProject "IntroducingCollectionViews" */ = {
			isa = XCConfigurationList;
			buildConfigurations = (
				4D3C7358161D9BB600C71391 /* Debug */,
				4D3C7359161D9BB600C71391 /* Release */,
			);
			defaultConfigurationIsVisible = 0;
			defaultConfigurationName = Release;
		};
		4D3C735A161D9BB600C71391 /* Build configuration list for PBXNativeTarget "IntroducingCollectionViews" */ = {
			isa = XCConfigurationList;
			buildConfigurations = (
				4D3C735B161D9BB600C71391 /* Debug */,
				4D3C735C161D9BB600C71391 /* Release */,
			);
			defaultConfigurationIsVisible = 0;
			defaultConfigurationName = Release;
		};
/* End XCConfigurationList section */
	};
	rootObject = 4D3C732A161D9BB600C71391 /* Project object */;
}
